dependencies:
- name: strimzi-kafka-operator
  repository: oci://quay.io/strimzi-helm
  version: 0.40.0
- name: k8s-boostrap-aws
  repository: file://../k8s-bootstrap-aws
  version: 0.1.0
digest: sha256:c08de3ef21c441482e4bdf2c2a80e083e6599095015d6028578289aa4ba5fe2f
generated: "2024-06-20T11:42:46.556332+02:00"
