dependencies:
- name: strimzi-kafka-operator
  repository: oci://quay.io/strimzi-helm
  version: 0.45.0
- name: altinity-clickhouse-operator
  repository: https://docs.altinity.com/clickhouse-operator
  version: 0.25.3
- name: bootstrap-aws
  repository: file://../bootstrap-aws
  version: 0.3.0
- name: bootstrap-azure
  repository: file://../bootstrap-azure
  version: 0.2.0
- name: bootstrap-gcp
  repository: file://../bootstrap-gcp
  version: 0.2.0
digest: sha256:e3dcdc535e374a4421fa6ecbeda49cda8701f2cc8d5f2ad514144df50a60dc0c
generated: "2025-12-24T13:05:49.093245+01:00"
