dependencies:
- name: gpu-operator
  repository: https://helm.ngc.nvidia.com/nvidia
  version: v26.7.0
- name: traefik
  repository: https://traefik.github.io/charts
  version: 41.3.0
- name: cert-manager
  repository: https://charts.jetstack.io
  version: v1.21.1
- name: secrets-store-csi-driver
  repository: https://kubernetes-sigs.github.io/secrets-store-csi-driver/charts
  version: 1.6.0
- name: secrets-store-csi-driver-provider-gcp
  repository: https://charts.portefaix.xyz
  version: 0.6.1
digest: sha256:2a39e6959a80a17733afdef0e91c9f6079514485b96a5ec0ae6e1198e807fd13
generated: "2026-08-24T19:54:56.962468+02:00"
