dependencies:
- name: gpu-operator
  repository: https://helm.ngc.nvidia.com/nvidia
  version: v24.6.2
- name: ingress-nginx
  repository: https://kubernetes.github.io/ingress-nginx
  version: 4.10.4
- name: cert-manager
  repository: https://charts.jetstack.io
  version: v1.15.3
- name: secrets-store-csi-driver
  repository: https://kubernetes-sigs.github.io/secrets-store-csi-driver/charts
  version: 1.4.5
- name: secrets-store-csi-driver-provider-gcp
  repository: https://charts.portefaix.xyz
  version: 0.6.0
digest: sha256:1b1bdd479524284377c6fa577e1b78f40861f35a55c0e45329716a5ad23982c5
generated: "2024-10-01T13:17:59.460855+02:00"
