dependencies:
- name: cluster-autoscaler
  repository: https://kubernetes.github.io/autoscaler
  version: 9.37.0
- name: metrics-server
  repository: https://kubernetes-sigs.github.io/metrics-server/
  version: 3.12.1
- name: nvidia-device-plugin
  repository: https://nvidia.github.io/k8s-device-plugin
  version: 0.15.0
- name: secrets-store-csi-driver
  repository: https://kubernetes-sigs.github.io/secrets-store-csi-driver/charts
  version: 1.4.4
- name: ingress-nginx
  repository: https://kubernetes.github.io/ingress-nginx
  version: 4.10.1
digest: sha256:b55678d8d292468ef7b20062b309d67718bd34409bb4652f5380015498f5bf25
generated: "2024-06-20T12:29:12.386697+02:00"
