dependencies:
- name: cluster-autoscaler
  repository: https://kubernetes.github.io/autoscaler
  version: 9.37.0
- name: metrics-server
  repository: https://kubernetes-sigs.github.io/metrics-server/
  version: 3.12.1
- name: nvidia-device-plugin
  repository: https://nvidia.github.io/k8s-device-plugin
  version: 0.15.0
- name: secrets-store-csi-driver
  repository: https://kubernetes-sigs.github.io/secrets-store-csi-driver/charts
  version: 1.4.4
digest: sha256:3dac1d67c10623d4142de4792ec0e70b62808ab11c89724b781d36bc8ec17ce2
generated: "2024-06-20T11:57:52.672939+02:00"
